
Microsoft Visual Studio Solution File, Format Version 12.00
# Visual Studio Version 16
VisualStudioVersion = 16.0.810.9
MinimumVisualStudioVersion = 10.0.40219.1
Project("{FAE04EC0-301F-11D3-BF4B-00C04F79EFBC}") = "GalacticAdventuresv2", "GalacticAdventuresv2.csproj", "{94A43D87-FE4E-47FE-B58D-F254421E37EF}"
EndProject
Global
	GlobalSection(SolutionConfigurationPlatforms) = preSolution
		Debug|Any CPU = Debug|Any CPU
		Release|Any CPU = Release|Any CPU
	EndGlobalSection
	GlobalSection(ProjectConfigurationPlatforms) = postSolution
		{94A43D87-FE4E-47FE-B58D-F254421E37EF}.Debug|Any CPU.ActiveCfg = Debug|Any CPU
		{94A43D87-FE4E-47FE-B58D-F254421E37EF}.Debug|Any CPU.Build.0 = Debug|Any CPU
		{94A43D87-FE4E-47FE-B58D-F254421E37EF}.Release|Any CPU.ActiveCfg = Release|Any CPU
		{94A43D87-FE4E-47FE-B58D-F254421E37EF}.Release|Any CPU.Build.0 = Release|Any CPU
	EndGlobalSection
	GlobalSection(SolutionProperties) = preSolution
		HideSolutionNode = FALSE
	EndGlobalSection
	GlobalSection(ExtensibilityGlobals) = postSolution
		SolutionGuid = {F64CDD89-0536-4B72-B735-A0A9EBA5D25A}
	EndGlobalSection
EndGlobal
